
Microsoft Visual Studio Solution File, Format Version 12.00
# Visual Studio Version 16
VisualStudioVersion = 16.0.31205.134
MinimumVisualStudioVersion = 10.0.40219.1
Project("{9A19103F-16F7-4668-BE54-9A1E7A4F7556}") = "Infrastructure", "Infrastructure\Infrastructure.csproj", "{7B92FF4B-CE7E-4F3E-9EEF-23B4CB099295}"
EndProject
Project("{2150E333-8FDC-42A3-9474-1A3956D46DE8}") = "src", "src", "{5CE15BA8-9540-44AC-B2B9-0D89ECD2D471}"
EndProject
Project("{2150E333-8FDC-42A3-9474-1A3956D46DE8}") = "tests", "tests", "{A260972C-C821-4776-AAE7-75CA6591418D}"
EndProject
Project("{FAE04EC0-301F-11D3-BF4B-00C04F79EFBC}") = "Domain", "Domain\Domain.csproj", "{66FE4A7A-268B-4E24-8EE2-491AB4CE12A3}"
EndProject
Project("{FAE04EC0-301F-11D3-BF4B-00C04F79EFBC}") = "Application", "Application\Application.csproj", "{3A30CB8D-7F1C-408E-A148-5A8A4E956B9A}"
EndProject
Global
	GlobalSection(SolutionConfigurationPlatforms) = preSolution
		Debug|Any CPU = Debug|Any CPU
		Release|Any CPU = Release|Any CPU
	EndGlobalSection
	GlobalSection(ProjectConfigurationPlatforms) = postSolution
		{7B92FF4B-CE7E-4F3E-9EEF-23B4CB099295}.Debug|Any CPU.ActiveCfg = Debug|Any CPU
		{7B92FF4B-CE7E-4F3E-9EEF-23B4CB099295}.Debug|Any CPU.Build.0 = Debug|Any CPU
		{7B92FF4B-CE7E-4F3E-9EEF-23B4CB099295}.Release|Any CPU.ActiveCfg = Release|Any CPU
		{7B92FF4B-CE7E-4F3E-9EEF-23B4CB099295}.Release|Any CPU.Build.0 = Release|Any CPU
		{66FE4A7A-268B-4E24-8EE2-491AB4CE12A3}.Debug|Any CPU.ActiveCfg = Debug|Any CPU
		{66FE4A7A-268B-4E24-8EE2-491AB4CE12A3}.Debug|Any CPU.Build.0 = Debug|Any CPU
		{66FE4A7A-268B-4E24-8EE2-491AB4CE12A3}.Release|Any CPU.ActiveCfg = Release|Any CPU
		{66FE4A7A-268B-4E24-8EE2-491AB4CE12A3}.Release|Any CPU.Build.0 = Release|Any CPU
		{3A30CB8D-7F1C-408E-A148-5A8A4E956B9A}.Debug|Any CPU.ActiveCfg = Debug|Any CPU
		{3A30CB8D-7F1C-408E-A148-5A8A4E956B9A}.Debug|Any CPU.Build.0 = Debug|Any CPU
		{3A30CB8D-7F1C-408E-A148-5A8A4E956B9A}.Release|Any CPU.ActiveCfg = Release|Any CPU
		{3A30CB8D-7F1C-408E-A148-5A8A4E956B9A}.Release|Any CPU.Build.0 = Release|Any CPU
	EndGlobalSection
	GlobalSection(SolutionProperties) = preSolution
		HideSolutionNode = FALSE
	EndGlobalSection
	GlobalSection(NestedProjects) = preSolution
		{7B92FF4B-CE7E-4F3E-9EEF-23B4CB099295} = {5CE15BA8-9540-44AC-B2B9-0D89ECD2D471}
		{66FE4A7A-268B-4E24-8EE2-491AB4CE12A3} = {5CE15BA8-9540-44AC-B2B9-0D89ECD2D471}
		{3A30CB8D-7F1C-408E-A148-5A8A4E956B9A} = {5CE15BA8-9540-44AC-B2B9-0D89ECD2D471}
	EndGlobalSection
	GlobalSection(ExtensibilityGlobals) = postSolution
		SolutionGuid = {0E6E4221-769B-4470-84FD-3E0980C85A80}
	EndGlobalSection
EndGlobal
